
Microsoft Visual Studio Solution File, Format Version 12.00
# Visual Studio Version 16
VisualStudioVersion = 16.0.30114.105
MinimumVisualStudioVersion = 10.0.40219.1
Project("{FAE04EC0-301F-11D3-BF4B-00C04F79EFBC}") = "Web", "Web\Web.csproj", "{FBF6DCF4-D3F5-4241-8488-FCBFE9065B4F}"
EndProject
Project("{FAE04EC0-301F-11D3-BF4B-00C04F79EFBC}") = "Rest", "Rest\Rest.csproj", "{238A5E3D-61A9-4B46-BE86-750FE8956749}"
EndProject
Project("{FAE04EC0-301F-11D3-BF4B-00C04F79EFBC}") = "Repository", "Repository\Repository.csproj", "{A0B288B6-6890-4EBB-9D04-9BEB2C30C7A6}"
EndProject
Project("{FAE04EC0-301F-11D3-BF4B-00C04F79EFBC}") = "Domain", "Domain\Domain.csproj", "{C7FD8873-70F3-4706-9E1B-FDCDF12D8D5C}"
EndProject
Project("{FAE04EC0-301F-11D3-BF4B-00C04F79EFBC}") = "ApplicationService", "ApplicationService\ApplicationService.csproj", "{1C8C78C0-B1B0-42A3-9558-98C8E8B21D28}"
EndProject
Global
	GlobalSection(SolutionConfigurationPlatforms) = preSolution
		Debug|Any CPU = Debug|Any CPU
		Release|Any CPU = Release|Any CPU
	EndGlobalSection
	GlobalSection(ProjectConfigurationPlatforms) = postSolution
		{FBF6DCF4-D3F5-4241-8488-FCBFE9065B4F}.Debug|Any CPU.ActiveCfg = Debug|Any CPU
		{FBF6DCF4-D3F5-4241-8488-FCBFE9065B4F}.Debug|Any CPU.Build.0 = Debug|Any CPU
		{FBF6DCF4-D3F5-4241-8488-FCBFE9065B4F}.Release|Any CPU.ActiveCfg = Release|Any CPU
		{FBF6DCF4-D3F5-4241-8488-FCBFE9065B4F}.Release|Any CPU.Build.0 = Release|Any CPU
		{238A5E3D-61A9-4B46-BE86-750FE8956749}.Debug|Any CPU.ActiveCfg = Debug|Any CPU
		{238A5E3D-61A9-4B46-BE86-750FE8956749}.Debug|Any CPU.Build.0 = Debug|Any CPU
		{238A5E3D-61A9-4B46-BE86-750FE8956749}.Release|Any CPU.ActiveCfg = Release|Any CPU
		{238A5E3D-61A9-4B46-BE86-750FE8956749}.Release|Any CPU.Build.0 = Release|Any CPU
		{A0B288B6-6890-4EBB-9D04-9BEB2C30C7A6}.Debug|Any CPU.ActiveCfg = Debug|Any CPU
		{A0B288B6-6890-4EBB-9D04-9BEB2C30C7A6}.Debug|Any CPU.Build.0 = Debug|Any CPU
		{A0B288B6-6890-4EBB-9D04-9BEB2C30C7A6}.Release|Any CPU.ActiveCfg = Release|Any CPU
		{A0B288B6-6890-4EBB-9D04-9BEB2C30C7A6}.Release|Any CPU.Build.0 = Release|Any CPU
		{C7FD8873-70F3-4706-9E1B-FDCDF12D8D5C}.Debug|Any CPU.ActiveCfg = Debug|Any CPU
		{C7FD8873-70F3-4706-9E1B-FDCDF12D8D5C}.Debug|Any CPU.Build.0 = Debug|Any CPU
		{C7FD8873-70F3-4706-9E1B-FDCDF12D8D5C}.Release|Any CPU.ActiveCfg = Release|Any CPU
		{C7FD8873-70F3-4706-9E1B-FDCDF12D8D5C}.Release|Any CPU.Build.0 = Release|Any CPU
		{1C8C78C0-B1B0-42A3-9558-98C8E8B21D28}.Debug|Any CPU.ActiveCfg = Debug|Any CPU
		{1C8C78C0-B1B0-42A3-9558-98C8E8B21D28}.Debug|Any CPU.Build.0 = Debug|Any CPU
		{1C8C78C0-B1B0-42A3-9558-98C8E8B21D28}.Release|Any CPU.ActiveCfg = Release|Any CPU
		{1C8C78C0-B1B0-42A3-9558-98C8E8B21D28}.Release|Any CPU.Build.0 = Release|Any CPU
	EndGlobalSection
	GlobalSection(SolutionProperties) = preSolution
		HideSolutionNode = FALSE
	EndGlobalSection
	GlobalSection(ExtensibilityGlobals) = postSolution
		SolutionGuid = {077D2BD1-CCBB-4D7A-907A-2FCCFD5C2449}
	EndGlobalSection
EndGlobal
